
Microsoft Visual Studio Solution File, Format Version 12.00
# Visual Studio 14
VisualStudioVersion = 14.0.25420.1
MinimumVisualStudioVersion = 10.0.40219.1
Project("{8BC9CEB8-8B4A-11D0-8D11-00A0C91BC942}") = "IrrlichtLime", "Renderer\source\IrrlichtLime.vcxproj", "{4F6EF8E3-F26F-49DB-867D-FD10FB083B0D}"
EndProject
Project("{FAE04EC0-301F-11D3-BF4B-00C04F79EFBC}") = "App", "App\App.csproj", "{A0484815-11C5-48DA-98D9-70DE87C32677}"
EndProject
Project("{FAE04EC0-301F-11D3-BF4B-00C04F79EFBC}") = "Editor", "Editor\Editor\Editor.csproj", "{CEC002DB-5004-4683-BE88-08E55D2D9406}"
EndProject
Project("{8BC9CEB8-8B4A-11D0-8D11-00A0C91BC942}") = "Irrlicht", "Renderer\irrlicht\source\Irrlicht\Irrlicht14.0.vcxproj", "{E08E042A-6C45-411B-92BE-3CC31331019F}"
EndProject
Global
	GlobalSection(SolutionConfigurationPlatforms) = preSolution
		Debug|Any CPU = Debug|Any CPU
		Debug|Mixed Platforms = Debug|Mixed Platforms
		Debug|Win32 = Debug|Win32
		Debug|x64 = Debug|x64
		Release - Fast FPU|Any CPU = Release - Fast FPU|Any CPU
		Release - Fast FPU|Mixed Platforms = Release - Fast FPU|Mixed Platforms
		Release - Fast FPU|Win32 = Release - Fast FPU|Win32
		Release - Fast FPU|x64 = Release - Fast FPU|x64
		Release|Any CPU = Release|Any CPU
		Release|Mixed Platforms = Release|Mixed Platforms
		Release|Win32 = Release|Win32
		Release|x64 = Release|x64
		SDL-Debug|Any CPU = SDL-Debug|Any CPU
		SDL-Debug|Mixed Platforms = SDL-Debug|Mixed Platforms
		SDL-Debug|Win32 = SDL-Debug|Win32
		SDL-Debug|x64 = SDL-Debug|x64
		Static lib - Debug|Any CPU = Static lib - Debug|Any CPU
		Static lib - Debug|Mixed Platforms = Static lib - Debug|Mixed Platforms
		Static lib - Debug|Win32 = Static lib - Debug|Win32
		Static lib - Debug|x64 = Static lib - Debug|x64
		Static lib - Release - Fast FPU|Any CPU = Static lib - Release - Fast FPU|Any CPU
		Static lib - Release - Fast FPU|Mixed Platforms = Static lib - Release - Fast FPU|Mixed Platforms
		Static lib - Release - Fast FPU|Win32 = Static lib - Release - Fast FPU|Win32
		Static lib - Release - Fast FPU|x64 = Static lib - Release - Fast FPU|x64
		Static lib - Release|Any CPU = Static lib - Release|Any CPU
		Static lib - Release|Mixed Platforms = Static lib - Release|Mixed Platforms
		Static lib - Release|Win32 = Static lib - Release|Win32
		Static lib - Release|x64 = Static lib - Release|x64
	EndGlobalSection
	GlobalSection(ProjectConfigurationPlatforms) = postSolution
		{4F6EF8E3-F26F-49DB-867D-FD10FB083B0D}.Debug|Any CPU.ActiveCfg = Debug|Win32
		{4F6EF8E3-F26F-49DB-867D-FD10FB083B0D}.Debug|Mixed Platforms.ActiveCfg = Debug|Win32
		{4F6EF8E3-F26F-49DB-867D-FD10FB083B0D}.Debug|Mixed Platforms.Build.0 = Debug|Win32
		{4F6EF8E3-F26F-49DB-867D-FD10FB083B0D}.Debug|Win32.ActiveCfg = Debug|Win32
		{4F6EF8E3-F26F-49DB-867D-FD10FB083B0D}.Debug|Win32.Build.0 = Debug|Win32
		{4F6EF8E3-F26F-49DB-867D-FD10FB083B0D}.Debug|x64.ActiveCfg = Debug|x64
		{4F6EF8E3-F26F-49DB-867D-FD10FB083B0D}.Debug|x64.Build.0 = Debug|x64
		{4F6EF8E3-F26F-49DB-867D-FD10FB083B0D}.Release - Fast FPU|Any CPU.ActiveCfg = Release|x64
		{4F6EF8E3-F26F-49DB-867D-FD10FB083B0D}.Release - Fast FPU|Any CPU.Build.0 = Release|x64
		{4F6EF8E3-F26F-49DB-867D-FD10FB083B0D}.Release - Fast FPU|Mixed Platforms.ActiveCfg = Release|Win32
		{4F6EF8E3-F26F-49DB-867D-FD10FB083B0D}.Release - Fast FPU|Mixed Platforms.Build.0 = Release|Win32
		{4F6EF8E3-F26F-49DB-867D-FD10FB083B0D}.Release - Fast FPU|Win32.ActiveCfg = Release|Win32
		{4F6EF8E3-F26F-49DB-867D-FD10FB083B0D}.Release - Fast FPU|Win32.Build.0 = Release|Win32
		{4F6EF8E3-F26F-49DB-867D-FD10FB083B0D}.Release - Fast FPU|x64.ActiveCfg = Release|x64
		{4F6EF8E3-F26F-49DB-867D-FD10FB083B0D}.Release - Fast FPU|x64.Build.0 = Release|x64
		{4F6EF8E3-F26F-49DB-867D-FD10FB083B0D}.Release|Any CPU.ActiveCfg = Release|Win32
		{4F6EF8E3-F26F-49DB-867D-FD10FB083B0D}.Release|Mixed Platforms.ActiveCfg = Release|Win32
		{4F6EF8E3-F26F-49DB-867D-FD10FB083B0D}.Release|Mixed Platforms.Build.0 = Release|Win32
		{4F6EF8E3-F26F-49DB-867D-FD10FB083B0D}.Release|Win32.ActiveCfg = Release|Win32
		{4F6EF8E3-F26F-49DB-867D-FD10FB083B0D}.Release|Win32.Build.0 = Release|Win32
		{4F6EF8E3-F26F-49DB-867D-FD10FB083B0D}.Release|x64.ActiveCfg = Release|x64
		{4F6EF8E3-F26F-49DB-867D-FD10FB083B0D}.Release|x64.Build.0 = Release|x64
		{4F6EF8E3-F26F-49DB-867D-FD10FB083B0D}.SDL-Debug|Any CPU.ActiveCfg = Release|x64
		{4F6EF8E3-F26F-49DB-867D-FD10FB083B0D}.SDL-Debug|Any CPU.Build.0 = Release|x64
		{4F6EF8E3-F26F-49DB-867D-FD10FB083B0D}.SDL-Debug|Mixed Platforms.ActiveCfg = Debug|Win32
		{4F6EF8E3-F26F-49DB-867D-FD10FB083B0D}.SDL-Debug|Mixed Platforms.Build.0 = Debug|Win32
		{4F6EF8E3-F26F-49DB-867D-FD10FB083B0D}.SDL-Debug|Win32.ActiveCfg = Debug|Win32
		{4F6EF8E3-F26F-49DB-867D-FD10FB083B0D}.SDL-Debug|Win32.Build.0 = Debug|Win32
		{4F6EF8E3-F26F-49DB-867D-FD10FB083B0D}.SDL-Debug|x64.ActiveCfg = Debug|x64
		{4F6EF8E3-F26F-49DB-867D-FD10FB083B0D}.SDL-Debug|x64.Build.0 = Debug|x64
		{4F6EF8E3-F26F-49DB-867D-FD10FB083B0D}.Static lib - Debug|Any CPU.ActiveCfg = Release|x64
		{4F6EF8E3-F26F-49DB-867D-FD10FB083B0D}.Static lib - Debug|Any CPU.Build.0 = Release|x64
		{4F6EF8E3-F26F-49DB-867D-FD10FB083B0D}.Static lib - Debug|Mixed Platforms.ActiveCfg = Debug|Win32
		{4F6EF8E3-F26F-49DB-867D-FD10FB083B0D}.Static lib - Debug|Mixed Platforms.Build.0 = Debug|Win32
		{4F6EF8E3-F26F-49DB-867D-FD10FB083B0D}.Static lib - Debug|Win32.ActiveCfg = Debug|Win32
		{4F6EF8E3-F26F-49DB-867D-FD10FB083B0D}.Static lib - Debug|Win32.Build.0 = Debug|Win32
		{4F6EF8E3-F26F-49DB-867D-FD10FB083B0D}.Static lib - Debug|x64.ActiveCfg = Debug|x64
		{4F6EF8E3-F26F-49DB-867D-FD10FB083B0D}.Static lib - Debug|x64.Build.0 = Debug|x64
		{4F6EF8E3-F26F-49DB-867D-FD10FB083B0D}.Static lib - Release - Fast FPU|Any CPU.ActiveCfg = Release|x64
		{4F6EF8E3-F26F-49DB-867D-FD10FB083B0D}.Static lib - Release - Fast FPU|Any CPU.Build.0 = Release|x64
		{4F6EF8E3-F26F-49DB-867D-FD10FB083B0D}.Static lib - Release - Fast FPU|Mixed Platforms.ActiveCfg = Release|Win32
		{4F6EF8E3-F26F-49DB-867D-FD10FB083B0D}.Static lib - Release - Fast FPU|Mixed Platforms.Build.0 = Release|Win32
		{4F6EF8E3-F26F-49DB-867D-FD10FB083B0D}.Static lib - Release - Fast FPU|Win32.ActiveCfg = Release|Win32
		{4F6EF8E3-F26F-49DB-867D-FD10FB083B0D}.Static lib - Release - Fast FPU|Win32.Build.0 = Release|Win32
		{4F6EF8E3-F26F-49DB-867D-FD10FB083B0D}.Static lib - Release - Fast FPU|x64.ActiveCfg = Release|x64
		{4F6EF8E3-F26F-49DB-867D-FD10FB083B0D}.Static lib - Release - Fast FPU|x64.Build.0 = Release|x64
		{4F6EF8E3-F26F-49DB-867D-FD10FB083B0D}.Static lib - Release|Any CPU.ActiveCfg = Release|x64
		{4F6EF8E3-F26F-49DB-867D-FD10FB083B0D}.Static lib - Release|Any CPU.Build.0 = Release|x64
		{4F6EF8E3-F26F-49DB-867D-FD10FB083B0D}.Static lib - Release|Mixed Platforms.ActiveCfg = Release|Win32
		{4F6EF8E3-F26F-49DB-867D-FD10FB083B0D}.Static lib - Release|Mixed Platforms.Build.0 = Release|Win32
		{4F6EF8E3-F26F-49DB-867D-FD10FB083B0D}.Static lib - Release|Win32.ActiveCfg = Release|Win32
		{4F6EF8E3-F26F-49DB-867D-FD10FB083B0D}.Static lib - Release|Win32.Build.0 = Release|Win32
		{4F6EF8E3-F26F-49DB-867D-FD10FB083B0D}.Static lib - Release|x64.ActiveCfg = Release|x64
		{4F6EF8E3-F26F-49DB-867D-FD10FB083B0D}.Static lib - Release|x64.Build.0 = Release|x64
		{A0484815-11C5-48DA-98D9-70DE87C32677}.Debug|Any CPU.ActiveCfg = Debug|Any CPU
		{A0484815-11C5-48DA-98D9-70DE87C32677}.Debug|Any CPU.Build.0 = Debug|Any CPU
		{A0484815-11C5-48DA-98D9-70DE87C32677}.Debug|Mixed Platforms.ActiveCfg = Debug|Any CPU
		{A0484815-11C5-48DA-98D9-70DE87C32677}.Debug|Mixed Platforms.Build.0 = Debug|Any CPU
		{A0484815-11C5-48DA-98D9-70DE87C32677}.Debug|Win32.ActiveCfg = Debug|Any CPU
		{A0484815-11C5-48DA-98D9-70DE87C32677}.Debug|x64.ActiveCfg = Debug|Any CPU
		{A0484815-11C5-48DA-98D9-70DE87C32677}.Release - Fast FPU|Any CPU.ActiveCfg = Release|Any CPU
		{A0484815-11C5-48DA-98D9-70DE87C32677}.Release - Fast FPU|Any CPU.Build.0 = Release|Any CPU
		{A0484815-11C5-48DA-98D9-70DE87C32677}.Release - Fast FPU|Mixed Platforms.ActiveCfg = Release|Any CPU
		{A0484815-11C5-48DA-98D9-70DE87C32677}.Release - Fast FPU|Mixed Platforms.Build.0 = Release|Any CPU
		{A0484815-11C5-48DA-98D9-70DE87C32677}.Release - Fast FPU|Win32.ActiveCfg = Release|Any CPU
		{A0484815-11C5-48DA-98D9-70DE87C32677}.Release - Fast FPU|Win32.Build.0 = Release|Any CPU
		{A0484815-11C5-48DA-98D9-70DE87C32677}.Release - Fast FPU|x64.ActiveCfg = Release|Any CPU
		{A0484815-11C5-48DA-98D9-70DE87C32677}.Release - Fast FPU|x64.Build.0 = Release|Any CPU
		{A0484815-11C5-48DA-98D9-70DE87C32677}.Release|Any CPU.ActiveCfg = Release|Any CPU
		{A0484815-11C5-48DA-98D9-70DE87C32677}.Release|Any CPU.Build.0 = Release|Any CPU
		{A0484815-11C5-48DA-98D9-70DE87C32677}.Release|Mixed Platforms.ActiveCfg = Release|Any CPU
		{A0484815-11C5-48DA-98D9-70DE87C32677}.Release|Mixed Platforms.Build.0 = Release|Any CPU
		{A0484815-11C5-48DA-98D9-70DE87C32677}.Release|Win32.ActiveCfg = Release|Any CPU
		{A0484815-11C5-48DA-98D9-70DE87C32677}.Release|x64.ActiveCfg = Release|Any CPU
		{A0484815-11C5-48DA-98D9-70DE87C32677}.SDL-Debug|Any CPU.ActiveCfg = Debug|Any CPU
		{A0484815-11C5-48DA-98D9-70DE87C32677}.SDL-Debug|Any CPU.Build.0 = Debug|Any CPU
		{A0484815-11C5-48DA-98D9-70DE87C32677}.SDL-Debug|Mixed Platforms.ActiveCfg = Debug|Any CPU
		{A0484815-11C5-48DA-98D9-70DE87C32677}.SDL-Debug|Mixed Platforms.Build.0 = Debug|Any CPU
		{A0484815-11C5-48DA-98D9-70DE87C32677}.SDL-Debug|Win32.ActiveCfg = Debug|Any CPU
		{A0484815-11C5-48DA-98D9-70DE87C32677}.SDL-Debug|Win32.Build.0 = Debug|Any CPU
		{A0484815-11C5-48DA-98D9-70DE87C32677}.SDL-Debug|x64.ActiveCfg = Debug|Any CPU
		{A0484815-11C5-48DA-98D9-70DE87C32677}.SDL-Debug|x64.Build.0 = Debug|Any CPU
		{A0484815-11C5-48DA-98D9-70DE87C32677}.Static lib - Debug|Any CPU.ActiveCfg = Debug|Any CPU
		{A0484815-11C5-48DA-98D9-70DE87C32677}.Static lib - Debug|Any CPU.Build.0 = Debug|Any CPU
		{A0484815-11C5-48DA-98D9-70DE87C32677}.Static lib - Debug|Mixed Platforms.ActiveCfg = Debug|Any CPU
		{A0484815-11C5-48DA-98D9-70DE87C32677}.Static lib - Debug|Mixed Platforms.Build.0 = Debug|Any CPU
		{A0484815-11C5-48DA-98D9-70DE87C32677}.Static lib - Debug|Win32.ActiveCfg = Debug|Any CPU
		{A0484815-11C5-48DA-98D9-70DE87C32677}.Static lib - Debug|Win32.Build.0 = Debug|Any CPU
		{A0484815-11C5-48DA-98D9-70DE87C32677}.Static lib - Debug|x64.ActiveCfg = Debug|Any CPU
		{A0484815-11C5-48DA-98D9-70DE87C32677}.Static lib - Debug|x64.Build.0 = Debug|Any CPU
		{A0484815-11C5-48DA-98D9-70DE87C32677}.Static lib - Release - Fast FPU|Any CPU.ActiveCfg = Release|Any CPU
		{A0484815-11C5-48DA-98D9-70DE87C32677}.Static lib - Release - Fast FPU|Any CPU.Build.0 = Release|Any CPU
		{A0484815-11C5-48DA-98D9-70DE87C32677}.Static lib - Release - Fast FPU|Mixed Platforms.ActiveCfg = Release|Any CPU
		{A0484815-11C5-48DA-98D9-70DE87C32677}.Static lib - Release - Fast FPU|Mixed Platforms.Build.0 = Release|Any CPU
		{A0484815-11C5-48DA-98D9-70DE87C32677}.Static lib - Release - Fast FPU|Win32.ActiveCfg = Release|Any CPU
		{A0484815-11C5-48DA-98D9-70DE87C32677}.Static lib - Release - Fast FPU|Win32.Build.0 = Release|Any CPU
		{A0484815-11C5-48DA-98D9-70DE87C32677}.Static lib - Release - Fast FPU|x64.ActiveCfg = Release|Any CPU
		{A0484815-11C5-48DA-98D9-70DE87C32677}.Static lib - Release - Fast FPU|x64.Build.0 = Release|Any CPU
		{A0484815-11C5-48DA-98D9-70DE87C32677}.Static lib - Release|Any CPU.ActiveCfg = Release|Any CPU
		{A0484815-11C5-48DA-98D9-70DE87C32677}.Static lib - Release|Any CPU.Build.0 = Release|Any CPU
		{A0484815-11C5-48DA-98D9-70DE87C32677}.Static lib - Release|Mixed Platforms.ActiveCfg = Release|Any CPU
		{A0484815-11C5-48DA-98D9-70DE87C32677}.Static lib - Release|Mixed Platforms.Build.0 = Release|Any CPU
		{A0484815-11C5-48DA-98D9-70DE87C32677}.Static lib - Release|Win32.ActiveCfg = Release|Any CPU
		{A0484815-11C5-48DA-98D9-70DE87C32677}.Static lib - Release|Win32.Build.0 = Release|Any CPU
		{A0484815-11C5-48DA-98D9-70DE87C32677}.Static lib - Release|x64.ActiveCfg = Release|Any CPU
		{A0484815-11C5-48DA-98D9-70DE87C32677}.Static lib - Release|x64.Build.0 = Release|Any CPU
		{CEC002DB-5004-4683-BE88-08E55D2D9406}.Debug|Any CPU.ActiveCfg = Debug|Any CPU
		{CEC002DB-5004-4683-BE88-08E55D2D9406}.Debug|Any CPU.Build.0 = Debug|Any CPU
		{CEC002DB-5004-4683-BE88-08E55D2D9406}.Debug|Mixed Platforms.ActiveCfg = Debug|Any CPU
		{CEC002DB-5004-4683-BE88-08E55D2D9406}.Debug|Mixed Platforms.Build.0 = Debug|Any CPU
		{CEC002DB-5004-4683-BE88-08E55D2D9406}.Debug|Win32.ActiveCfg = Debug|Any CPU
		{CEC002DB-5004-4683-BE88-08E55D2D9406}.Debug|Win32.Build.0 = Debug|Any CPU
		{CEC002DB-5004-4683-BE88-08E55D2D9406}.Debug|x64.ActiveCfg = Debug|Any CPU
		{CEC002DB-5004-4683-BE88-08E55D2D9406}.Debug|x64.Build.0 = Debug|Any CPU
		{CEC002DB-5004-4683-BE88-08E55D2D9406}.Release - Fast FPU|Any CPU.ActiveCfg = Release|Any CPU
		{CEC002DB-5004-4683-BE88-08E55D2D9406}.Release - Fast FPU|Any CPU.Build.0 = Release|Any CPU
		{CEC002DB-5004-4683-BE88-08E55D2D9406}.Release - Fast FPU|Mixed Platforms.ActiveCfg = Release|Any CPU
		{CEC002DB-5004-4683-BE88-08E55D2D9406}.Release - Fast FPU|Mixed Platforms.Build.0 = Release|Any CPU
		{CEC002DB-5004-4683-BE88-08E55D2D9406}.Release - Fast FPU|Win32.ActiveCfg = Release|Any CPU
		{CEC002DB-5004-4683-BE88-08E55D2D9406}.Release - Fast FPU|Win32.Build.0 = Release|Any CPU
		{CEC002DB-5004-4683-BE88-08E55D2D9406}.Release - Fast FPU|x64.ActiveCfg = Release|Any CPU
		{CEC002DB-5004-4683-BE88-08E55D2D9406}.Release - Fast FPU|x64.Build.0 = Release|Any CPU
		{CEC002DB-5004-4683-BE88-08E55D2D9406}.Release|Any CPU.ActiveCfg = Release|Any CPU
		{CEC002DB-5004-4683-BE88-08E55D2D9406}.Release|Any CPU.Build.0 = Release|Any CPU
		{CEC002DB-5004-4683-BE88-08E55D2D9406}.Release|Mixed Platforms.ActiveCfg = Release|Any CPU
		{CEC002DB-5004-4683-BE88-08E55D2D9406}.Release|Mixed Platforms.Build.0 = Release|Any CPU
		{CEC002DB-5004-4683-BE88-08E55D2D9406}.Release|Win32.ActiveCfg = Release|Any CPU
		{CEC002DB-5004-4683-BE88-08E55D2D9406}.Release|Win32.Build.0 = Release|Any CPU
		{CEC002DB-5004-4683-BE88-08E55D2D9406}.Release|x64.ActiveCfg = Release|Any CPU
		{CEC002DB-5004-4683-BE88-08E55D2D9406}.Release|x64.Build.0 = Release|Any CPU
		{CEC002DB-5004-4683-BE88-08E55D2D9406}.SDL-Debug|Any CPU.ActiveCfg = Debug|Any CPU
		{CEC002DB-5004-4683-BE88-08E55D2D9406}.SDL-Debug|Any CPU.Build.0 = Debug|Any CPU
		{CEC002DB-5004-4683-BE88-08E55D2D9406}.SDL-Debug|Mixed Platforms.ActiveCfg = Debug|Any CPU
		{CEC002DB-5004-4683-BE88-08E55D2D9406}.SDL-Debug|Mixed Platforms.Build.0 = Debug|Any CPU
		{CEC002DB-5004-4683-BE88-08E55D2D9406}.SDL-Debug|Win32.ActiveCfg = Debug|Any CPU
		{CEC002DB-5004-4683-BE88-08E55D2D9406}.SDL-Debug|Win32.Build.0 = Debug|Any CPU
		{CEC002DB-5004-4683-BE88-08E55D2D9406}.SDL-Debug|x64.ActiveCfg = Debug|Any CPU
		{CEC002DB-5004-4683-BE88-08E55D2D9406}.SDL-Debug|x64.Build.0 = Debug|Any CPU
		{CEC002DB-5004-4683-BE88-08E55D2D9406}.Static lib - Debug|Any CPU.ActiveCfg = Debug|Any CPU
		{CEC002DB-5004-4683-BE88-08E55D2D9406}.Static lib - Debug|Any CPU.Build.0 = Debug|Any CPU
		{CEC002DB-5004-4683-BE88-08E55D2D9406}.Static lib - Debug|Mixed Platforms.ActiveCfg = Debug|Any CPU
		{CEC002DB-5004-4683-BE88-08E55D2D9406}.Static lib - Debug|Mixed Platforms.Build.0 = Debug|Any CPU
		{CEC002DB-5004-4683-BE88-08E55D2D9406}.Static lib - Debug|Win32.ActiveCfg = Debug|Any CPU
		{CEC002DB-5004-4683-BE88-08E55D2D9406}.Static lib - Debug|Win32.Build.0 = Debug|Any CPU
		{CEC002DB-5004-4683-BE88-08E55D2D9406}.Static lib - Debug|x64.ActiveCfg = Debug|Any CPU
		{CEC002DB-5004-4683-BE88-08E55D2D9406}.Static lib - Debug|x64.Build.0 = Debug|Any CPU
		{CEC002DB-5004-4683-BE88-08E55D2D9406}.Static lib - Release - Fast FPU|Any CPU.ActiveCfg = Release|Any CPU
		{CEC002DB-5004-4683-BE88-08E55D2D9406}.Static lib - Release - Fast FPU|Any CPU.Build.0 = Release|Any CPU
		{CEC002DB-5004-4683-BE88-08E55D2D9406}.Static lib - Release - Fast FPU|Mixed Platforms.ActiveCfg = Release|Any CPU
		{CEC002DB-5004-4683-BE88-08E55D2D9406}.Static lib - Release - Fast FPU|Mixed Platforms.Build.0 = Release|Any CPU
		{CEC002DB-5004-4683-BE88-08E55D2D9406}.Static lib - Release - Fast FPU|Win32.ActiveCfg = Release|Any CPU
		{CEC002DB-5004-4683-BE88-08E55D2D9406}.Static lib - Release - Fast FPU|Win32.Build.0 = Release|Any CPU
		{CEC002DB-5004-4683-BE88-08E55D2D9406}.Static lib - Release - Fast FPU|x64.ActiveCfg = Release|Any CPU
		{CEC002DB-5004-4683-BE88-08E55D2D9406}.Static lib - Release - Fast FPU|x64.Build.0 = Release|Any CPU
		{CEC002DB-5004-4683-BE88-08E55D2D9406}.Static lib - Release|Any CPU.ActiveCfg = Release|Any CPU
		{CEC002DB-5004-4683-BE88-08E55D2D9406}.Static lib - Release|Any CPU.Build.0 = Release|Any CPU
		{CEC002DB-5004-4683-BE88-08E55D2D9406}.Static lib - Release|Mixed Platforms.ActiveCfg = Release|Any CPU
		{CEC002DB-5004-4683-BE88-08E55D2D9406}.Static lib - Release|Mixed Platforms.Build.0 = Release|Any CPU
		{CEC002DB-5004-4683-BE88-08E55D2D9406}.Static lib - Release|Win32.ActiveCfg = Release|Any CPU
		{CEC002DB-5004-4683-BE88-08E55D2D9406}.Static lib - Release|Win32.Build.0 = Release|Any CPU
		{CEC002DB-5004-4683-BE88-08E55D2D9406}.Static lib - Release|x64.ActiveCfg = Release|Any CPU
		{CEC002DB-5004-4683-BE88-08E55D2D9406}.Static lib - Release|x64.Build.0 = Release|Any CPU
		{E08E042A-6C45-411B-92BE-3CC31331019F}.Debug|Any CPU.ActiveCfg = Debug|Win32
		{E08E042A-6C45-411B-92BE-3CC31331019F}.Debug|Mixed Platforms.ActiveCfg = Debug|Win32
		{E08E042A-6C45-411B-92BE-3CC31331019F}.Debug|Mixed Platforms.Build.0 = Debug|Win32
		{E08E042A-6C45-411B-92BE-3CC31331019F}.Debug|Win32.ActiveCfg = Debug|Win32
		{E08E042A-6C45-411B-92BE-3CC31331019F}.Debug|Win32.Build.0 = Debug|Win32
		{E08E042A-6C45-411B-92BE-3CC31331019F}.Debug|x64.ActiveCfg = Debug|x64
		{E08E042A-6C45-411B-92BE-3CC31331019F}.Debug|x64.Build.0 = Debug|x64
		{E08E042A-6C45-411B-92BE-3CC31331019F}.Release - Fast FPU|Any CPU.ActiveCfg = Release - Fast FPU|Win32
		{E08E042A-6C45-411B-92BE-3CC31331019F}.Release - Fast FPU|Mixed Platforms.ActiveCfg = Release - Fast FPU|Win32
		{E08E042A-6C45-411B-92BE-3CC31331019F}.Release - Fast FPU|Mixed Platforms.Build.0 = Release - Fast FPU|Win32
		{E08E042A-6C45-411B-92BE-3CC31331019F}.Release - Fast FPU|Win32.ActiveCfg = Release - Fast FPU|Win32
		{E08E042A-6C45-411B-92BE-3CC31331019F}.Release - Fast FPU|Win32.Build.0 = Release - Fast FPU|Win32
		{E08E042A-6C45-411B-92BE-3CC31331019F}.Release - Fast FPU|x64.ActiveCfg = Release - Fast FPU|x64
		{E08E042A-6C45-411B-92BE-3CC31331019F}.Release - Fast FPU|x64.Build.0 = Release - Fast FPU|x64
		{E08E042A-6C45-411B-92BE-3CC31331019F}.Release|Any CPU.ActiveCfg = Release|Win32
		{E08E042A-6C45-411B-92BE-3CC31331019F}.Release|Mixed Platforms.ActiveCfg = Release|Win32
		{E08E042A-6C45-411B-92BE-3CC31331019F}.Release|Mixed Platforms.Build.0 = Release|Win32
		{E08E042A-6C45-411B-92BE-3CC31331019F}.Release|Win32.ActiveCfg = Release|Win32
		{E08E042A-6C45-411B-92BE-3CC31331019F}.Release|Win32.Build.0 = Release|Win32
		{E08E042A-6C45-411B-92BE-3CC31331019F}.Release|x64.ActiveCfg = Release|x64
		{E08E042A-6C45-411B-92BE-3CC31331019F}.Release|x64.Build.0 = Release|x64
		{E08E042A-6C45-411B-92BE-3CC31331019F}.SDL-Debug|Any CPU.ActiveCfg = SDL-Debug|Win32
		{E08E042A-6C45-411B-92BE-3CC31331019F}.SDL-Debug|Mixed Platforms.ActiveCfg = SDL-Debug|Win32
		{E08E042A-6C45-411B-92BE-3CC31331019F}.SDL-Debug|Mixed Platforms.Build.0 = SDL-Debug|Win32
		{E08E042A-6C45-411B-92BE-3CC31331019F}.SDL-Debug|Win32.ActiveCfg = SDL-Debug|Win32
		{E08E042A-6C45-411B-92BE-3CC31331019F}.SDL-Debug|Win32.Build.0 = SDL-Debug|Win32
		{E08E042A-6C45-411B-92BE-3CC31331019F}.SDL-Debug|x64.ActiveCfg = SDL-Debug|x64
		{E08E042A-6C45-411B-92BE-3CC31331019F}.SDL-Debug|x64.Build.0 = SDL-Debug|x64
		{E08E042A-6C45-411B-92BE-3CC31331019F}.Static lib - Debug|Any CPU.ActiveCfg = Static lib - Debug|Win32
		{E08E042A-6C45-411B-92BE-3CC31331019F}.Static lib - Debug|Mixed Platforms.ActiveCfg = Static lib - Debug|Win32
		{E08E042A-6C45-411B-92BE-3CC31331019F}.Static lib - Debug|Mixed Platforms.Build.0 = Static lib - Debug|Win32
		{E08E042A-6C45-411B-92BE-3CC31331019F}.Static lib - Debug|Win32.ActiveCfg = Static lib - Debug|Win32
		{E08E042A-6C45-411B-92BE-3CC31331019F}.Static lib - Debug|Win32.Build.0 = Static lib - Debug|Win32
		{E08E042A-6C45-411B-92BE-3CC31331019F}.Static lib - Debug|x64.ActiveCfg = Static lib - Debug|x64
		{E08E042A-6C45-411B-92BE-3CC31331019F}.Static lib - Debug|x64.Build.0 = Static lib - Debug|x64
		{E08E042A-6C45-411B-92BE-3CC31331019F}.Static lib - Release - Fast FPU|Any CPU.ActiveCfg = Static lib - Release - Fast FPU|Win32
		{E08E042A-6C45-411B-92BE-3CC31331019F}.Static lib - Release - Fast FPU|Mixed Platforms.ActiveCfg = Static lib - Release - Fast FPU|Win32
		{E08E042A-6C45-411B-92BE-3CC31331019F}.Static lib - Release - Fast FPU|Mixed Platforms.Build.0 = Static lib - Release - Fast FPU|Win32
		{E08E042A-6C45-411B-92BE-3CC31331019F}.Static lib - Release - Fast FPU|Win32.ActiveCfg = Static lib - Release - Fast FPU|Win32
		{E08E042A-6C45-411B-92BE-3CC31331019F}.Static lib - Release - Fast FPU|Win32.Build.0 = Static lib - Release - Fast FPU|Win32
		{E08E042A-6C45-411B-92BE-3CC31331019F}.Static lib - Release - Fast FPU|x64.ActiveCfg = Static lib - Release - Fast FPU|x64
		{E08E042A-6C45-411B-92BE-3CC31331019F}.Static lib - Release - Fast FPU|x64.Build.0 = Static lib - Release - Fast FPU|x64
		{E08E042A-6C45-411B-92BE-3CC31331019F}.Static lib - Release|Any CPU.ActiveCfg = Static lib - Release|Win32
		{E08E042A-6C45-411B-92BE-3CC31331019F}.Static lib - Release|Mixed Platforms.ActiveCfg = Static lib - Release|Win32
		{E08E042A-6C45-411B-92BE-3CC31331019F}.Static lib - Release|Mixed Platforms.Build.0 = Static lib - Release|Win32
		{E08E042A-6C45-411B-92BE-3CC31331019F}.Static lib - Release|Win32.ActiveCfg = Static lib - Release|Win32
		{E08E042A-6C45-411B-92BE-3CC31331019F}.Static lib - Release|Win32.Build.0 = Static lib - Release|Win32
		{E08E042A-6C45-411B-92BE-3CC31331019F}.Static lib - Release|x64.ActiveCfg = Static lib - Release|x64
		{E08E042A-6C45-411B-92BE-3CC31331019F}.Static lib - Release|x64.Build.0 = Static lib - Release|x64
	EndGlobalSection
	GlobalSection(SolutionProperties) = preSolution
		HideSolutionNode = FALSE
	EndGlobalSection
EndGlobal
